Microsoft Visual Studio Solution File, Format Version 8.00
Project("{8BC9CEB8-8B4A-11D0-8D11-00A0C91BC942}") = "test", "test.vcproj", "{8C8174E2-2B2E-484D-9EB4-85D29347F22F}"
	ProjectSection(ProjectDependencies) = postProject
	EndProjectSection
EndProject
Global
	GlobalSection(SolutionConfiguration) = preSolution
		Debug = Debug
		Release = Release
	EndGlobalSection
	GlobalSection(ProjectConfiguration) = postSolution
		{8C8174E2-2B2E-484D-9EB4-85D29347F22F}.Debug.ActiveCfg = Debug|Win32
		{8C8174E2-2B2E-484D-9EB4-85D29347F22F}.Debug.Build.0 = Debug|Win32
		{8C8174E2-2B2E-484D-9EB4-85D29347F22F}.Release.ActiveCfg = Release|Win32
		{8C8174E2-2B2E-484D-9EB4-85D29347F22F}.Release.Build.0 = Release|Win32
	EndGlobalSection
	GlobalSection(ExtensibilityGlobals) = postSolution
	EndGlobalSection
	GlobalSection(ExtensibilityAddIns) = postSolution
	EndGlobalSection
EndGlobal
