%{
  "rustler": {:hex, :rustler, "0.22.0", "e2930f9d6933e910f87526bb0a7f904e32b62a7e838a3ca4a884ee7fdfb957ed", [:mix], [{:toml, "~> 0.5.2", [hex: :toml, repo: "hexpm", optional: false]}], "hexpm", "01f5989dd511ebec09be481e07d3c59773d5373c5061e09d3ebc3ef61811b49d"},
  "toml": {:hex, :toml, "0.5.2", "e471388a8726d1ce51a6b32f864b8228a1eb8edc907a0edf2bb50eab9321b526", [:mix], [], "hexpm", "f1e3dabef71fb510d015fad18c0e05e7c57281001141504c6b69d94e99750a07"},
}
